
Microsoft Visual Studio Solution File, Format Version 12.00
# Visual Studio Version 17
VisualStudioVersion = 17.7.34031.279
MinimumVisualStudioVersion = 10.0.40219.1
Project("{FAE04EC0-301F-11D3-BF4B-00C04F79EFBC}") = "ASPCoreApplication2023DBfirst", "ASPCoreApplication2023DBfirst\ASPCoreApplication2023DBfirst.csproj", "{1F93CE20-E555-4E3B-911D-226924F2E3E3}"
EndProject
Global
	GlobalSection(SolutionConfigurationPlatforms) = preSolution
		Debug|Any CPU = Debug|Any CPU
		Release|Any CPU = Release|Any CPU
	EndGlobalSection
	GlobalSection(ProjectConfigurationPlatforms) = postSolution
		{1F93CE20-E555-4E3B-911D-226924F2E3E3}.Debug|Any CPU.ActiveCfg = Debug|Any CPU
		{1F93CE20-E555-4E3B-911D-226924F2E3E3}.Debug|Any CPU.Build.0 = Debug|Any CPU
		{1F93CE20-E555-4E3B-911D-226924F2E3E3}.Release|Any CPU.ActiveCfg = Release|Any CPU
		{1F93CE20-E555-4E3B-911D-226924F2E3E3}.Release|Any CPU.Build.0 = Release|Any CPU
	EndGlobalSection
	GlobalSection(SolutionProperties) = preSolution
		HideSolutionNode = FALSE
	EndGlobalSection
	GlobalSection(ExtensibilityGlobals) = postSolution
		SolutionGuid = {7210986E-A5A2-4CEA-BA77-12FA994F534B}
	EndGlobalSection
EndGlobal
